// !$*UTF8*$!
{
	archiveVersion = 1;
	classes = {
	};
	objectVersion = 46;
	objects = {

/* Begin PBXBuildFile section */
		4F5993F718B9C7C100D5A891 /* Foundation.framework in Frameworks */ = {isa = PBXBuildFile; fileRef = 4F5993F618B9C7C100D5A891 /* Foundation.framework */; };
		4F5993F918B9C7C100D5A891 /* CoreGraphics.framework in Frameworks */ = {isa = PBXBuildFile; fileRef = 4F5993F818B9C7C100D5A891 /* CoreGraphics.framework */; };
		4F5993FB18B9C7C100D5A891 /* UIKit.framework in Frameworks */ = {isa = PBXBuildFile; fileRef = 4F5993FA18B9C7C100D5A891 /* UIKit.framework */; };
		4F59940118B9C7C100D5A891 /* InfoPlist.strings in Resources */ = {isa = PBXBuildFile; fileRef = 4F5993FF18B9C7C100D5A891 /* InfoPlist.strings */; };
		4F59940318B9C7C100D5A891 /* main.m in Sources */ = {isa = PBXBuildFile; fileRef = 4F59940218B9C7C100D5A891 /* main.m */; };
		4F59940718B9C7C100D5A891 /* ZTAppDelegate.m in Sources */ = {isa = PBXBuildFile; fileRef = 4F59940618B9C7C100D5A891 /* ZTAppDelegate.m */; };
		4F59940A18B9C7C100D5A891 /* Main.storyboard in Resources */ = {isa = PBXBuildFile; fileRef = 4F59940818B9C7C100D5A891 /* Main.storyboard */; };
		4F59940D18B9C7C100D5A891 /* ZTViewController.m in Sources */ = {isa = PBXBuildFile; fileRef = 4F59940C18B9C7C100D5A891 /* ZTViewController.m */; };
		4F59940F18B9C7C100D5A891 /* Images.xcassets in Resources */ = {isa = PBXBuildFile; fileRef = 4F59940E18B9C7C100D5A891 /* Images.xcassets */; };
		4F59941618B9C7C100D5A891 /* XCTest.framework in Frameworks */ = {isa = PBXBuildFile; fileRef = 4F59941518B9C7C100D5A891 /* XCTest.framework */; };
		4F59941718B9C7C100D5A891 /* Foundation.framework in Frameworks */ = {isa = PBXBuildFile; fileRef = 4F5993F618B9C7C100D5A891 /* Foundation.framework */; };
		4F59941818B9C7C100D5A891 /* UIKit.framework in Frameworks */ = {isa = PBXBuildFile; fileRef = 4F5993FA18B9C7C100D5A891 /* UIKit.framework */; };
		4F59942018B9C7C100D5A891 /* InfoPlist.strings in Resources */ = {isa = PBXBuildFile; fileRef = 4F59941E18B9C7C100D5A891 /* InfoPlist.strings */; };
		4F59942218B9C7C100D5A891 /* UIImageView2Tests.m in Sources */ = {isa = PBXBuildFile; fileRef = 4F59942118B9C7C100D5A891 /* UIImageView2Tests.m */; };
		4F59942E18B9C92400D5A891 /* 3.jpeg in Resources */ = {isa = PBXBuildFile; fileRef = 4F59942B18B9C92400D5A891 /* 3.jpeg */; };
		4F59942F18B9C92400D5A891 /* 1.jpeg in Resources */ = {isa = PBXBuildFile; fileRef = 4F59942C18B9C92400D5A891 /* 1.jpeg */; };
		4F59943018B9C92400D5A891 /* 2.jpeg in Resources */ = {isa = PBXBuildFile; fileRef = 4F59942D18B9C92400D5A891 /* 2.jpeg */; };
/* End PBXBuildFile section */

/* Begin PBXContainerItemProxy section */
		4F59941918B9C7C100D5A891 /* PBXContainerItemProxy */ = {
			isa = PBXContainerItemProxy;
			containerPortal = 4F5993EB18B9C7C100D5A891 /* Project object */;
			proxyType = 1;
			remoteGlobalIDString = 4F5993F218B9C7C100D5A891;
			remoteInfo = UIImageView2;
		};
/* End PBXContainerItemProxy section */

/* Begin PBXFileReference section */
		4F5993F318B9C7C100D5A891 /* UIImageView2.app */ = {isa = PBXFileReference; explicitFileType = wrapper.application; includeInIndex = 0; path = UIImageView2.app; sourceTree = BUILT_PRODUCTS_DIR; };
		4F5993F618B9C7C100D5A891 /* Foundation.framework */ = {isa = PBXFileReference; lastKnownFileType = wrapper.framework; name = Foundation.framework; path = System/Library/Frameworks/Foundation.framework; sourceTree = SDKROOT; };
		4F5993F818B9C7C100D5A891 /* CoreGraphics.framework */ = {isa = PBXFileReference; lastKnownFileType = wrapper.framework; name = CoreGraphics.framework; path = System/Library/Frameworks/CoreGraphics.framework; sourceTree = SDKROOT; };
		4F5993FA18B9C7C100D5A891 /* UIKit.framework */ = {isa = PBXFileReference; lastKnownFileType = wrapper.framework; name = UIKit.framework; path = System/Library/Frameworks/UIKit.framework; sourceTree = SDKROOT; };
		4F5993FE18B9C7C100D5A891 /* UIImageView2-Info.plist */ = {isa = PBXFileReference; lastKnownFileType = text.plist.xml; path = "UIImageView2-Info.plist"; sourceTree = "<group>"; };
		4F59940018B9C7C100D5A891 /* en */ = {isa = PBXFileReference; lastKnownFileType = text.plist.strings; name = en; path = en.lproj/InfoPlist.strings; sourceTree = "<group>"; };
		4F59940218B9C7C100D5A891 /* main.m */ = {isa = PBXFileReference; lastKnownFileType = sourcecode.c.objc; path = main.m; sourceTree = "<group>"; };
		4F59940418B9C7C100D5A891 /* UIImageView2-Prefix.pch */ = {isa = PBXFileReference; lastKnownFileType = sourcecode.c.h; path = "UIImageView2-Prefix.pch"; sourceTree = "<group>"; };
		4F59940518B9C7C100D5A891 /* ZTAppDelegate.h */ = {isa = PBXFileReference; lastKnownFileType = sourcecode.c.h; path = ZTAppDelegate.h; sourceTree = "<group>"; };
		4F59940618B9C7C100D5A891 /* ZTAppDelegate.m */ = {isa = PBXFileReference; lastKnownFileType = sourcecode.c.objc; path = ZTAppDelegate.m; sourceTree = "<group>"; };
		4F59940918B9C7C100D5A891 /* Base */ = {isa = PBXFileReference; lastKnownFileType = file.storyboard; name = Base; path = Base.lproj/Main.storyboard; sourceTree = "<group>"; };
		4F59940B18B9C7C100D5A891 /* ZTViewController.h */ = {isa = PBXFileReference; lastKnownFileType = sourcecode.c.h; path = ZTViewController.h; sourceTree = "<group>"; };
		4F59940C18B9C7C100D5A891 /* ZTViewController.m */ = {isa = PBXFileReference; lastKnownFileType = sourcecode.c.objc; path = ZTViewController.m; sourceTree = "<group>"; };
		4F59940E18B9C7C100D5A891 /* Images.xcassets */ = {isa = PBXFileReference; lastKnownFileType = folder.assetcatalog; path = Images.xcassets; sourceTree = "<group>"; };
		4F59941418B9C7C100D5A891 /* UIImageView2Tests.xctest */ = {isa = PBXFileReference; explicitFileType = wrapper.cfbundle; includeInIndex = 0; path = UIImageView2Tests.xctest; sourceTree = BUILT_PRODUCTS_DIR; };
		4F59941518B9C7C100D5A891 /* XCTest.framework */ = {isa = PBXFileReference; lastKnownFileType = wrapper.framework; name = XCTest.framework; path = Library/Frameworks/XCTest.framework; sourceTree = DEVELOPER_DIR; };
		4F59941D18B9C7C100D5A891 /* UIImageView2Tests-Info.plist */ = {isa = PBXFileReference; lastKnownFileType = text.plist.xml; path = "UIImageView2Tests-Info.plist"; sourceTree = "<group>"; };
		4F59941F18B9C7C100D5A891 /* en */ = {isa = PBXFileReference; lastKnownFileType = text.plist.strings; name = en; path = en.lproj/InfoPlist.strings; sourceTree = "<group>"; };
		4F59942118B9C7C100D5A891 /* UIImageView2Tests.m */ = {isa = PBXFileReference; lastKnownFileType = sourcecode.c.objc; path = UIImageView2Tests.m; sourceTree = "<group>"; };
		4F59942B18B9C92400D5A891 /* 3.jpeg */ = {isa = PBXFileReference; lastKnownFileType = image.jpeg; path = 3.jpeg; sourceTree = "<group>"; };
		4F59942C18B9C92400D5A891 /* 1.jpeg */ = {isa = PBXFileReference; lastKnownFileType = image.jpeg; path = 1.jpeg; sourceTree = "<group>"; };
		4F59942D18B9C92400D5A891 /* 2.jpeg */ = {isa = PBXFileReference; lastKnownFileType = image.jpeg; path = 2.jpeg; sourceTree = "<group>"; };
/* End PBXFileReference section */

/* Begin PBXFrameworksBuildPhase section */
		4F5993F018B9C7C100D5A891 /* Frameworks */ = {
			isa = PBXFrameworksBuildPhase;
			buildActionMask = 2147483647;
			files = (
				4F5993F918B9C7C100D5A891 /* CoreGraphics.framework in Frameworks */,
				4F5993FB18B9C7C100D5A891 /* UIKit.framework in Frameworks */,
				4F5993F718B9C7C100D5A891 /* Foundation.framework in Frameworks */,
			);
			runOnlyForDeploymentPostprocessing = 0;
		};
		4F59941118B9C7C100D5A891 /* Frameworks */ = {
			isa = PBXFrameworksBuildPhase;
			buildActionMask = 2147483647;
			files = (
				4F59941618B9C7C100D5A891 /* XCTest.framework in Frameworks */,
				4F59941818B9C7C100D5A891 /* UIKit.framework in Frameworks */,
				4F59941718B9C7C100D5A891 /* Foundation.framework in Frameworks */,
			);
			runOnlyForDeploymentPostprocessing = 0;
		};
/* End PBXFrameworksBuildPhase section */

/* Begin PBXGroup section */
		4F5993EA18B9C7C100D5A891 = {
			isa = PBXGroup;
			children = (
				4F5993FC18B9C7C100D5A891 /* UIImageView2 */,
				4F59941B18B9C7C100D5A891 /* UIImageView2Tests */,
				4F5993F518B9C7C100D5A891 /* Frameworks */,
				4F5993F418B9C7C100D5A891 /* Products */,
			);
			sourceTree = "<group>";
		};
		4F5993F418B9C7C100D5A891 /* Products */ = {
			isa = PBXGroup;
			children = (
				4F5993F318B9C7C100D5A891 /* UIImageView2.app */,
				4F59941418B9C7C100D5A891 /* UIImageView2Tests.xctest */,
			);
			name = Products;
			sourceTree = "<group>";
		};
		4F5993F518B9C7C100D5A891 /* Frameworks */ = {
			isa = PBXGroup;
			children = (
				4F5993F618B9C7C100D5A891 /* Foundation.framework */,
				4F5993F818B9C7C100D5A891 /* CoreGraphics.framework */,
				4F5993FA18B9C7C100D5A891 /* UIKit.framework */,
				4F59941518B9C7C100D5A891 /* XCTest.framework */,
			);
			name = Frameworks;
			sourceTree = "<group>";
		};
		4F5993FC18B9C7C100D5A891 /* UIImageView2 */ = {
			isa = PBXGroup;
			children = (
				4F59940518B9C7C100D5A891 /* ZTAppDelegate.h */,
				4F59940618B9C7C100D5A891 /* ZTAppDelegate.m */,
				4F59940818B9C7C100D5A891 /* Main.storyboard */,
				4F59940B18B9C7C100D5A891 /* ZTViewController.h */,
				4F59940C18B9C7C100D5A891 /* ZTViewController.m */,
				4F59940E18B9C7C100D5A891 /* Images.xcassets */,
				4F5993FD18B9C7C100D5A891 /* Supporting Files */,
			);
			path = UIImageView2;
			sourceTree = "<group>";
		};
		4F5993FD18B9C7C100D5A891 /* Supporting Files */ = {
			isa = PBXGroup;
			children = (
				4F59942B18B9C92400D5A891 /* 3.jpeg */,
				4F59942C18B9C92400D5A891 /* 1.jpeg */,
				4F59942D18B9C92400D5A891 /* 2.jpeg */,
				4F5993FE18B9C7C100D5A891 /* UIImageView2-Info.plist */,
				4F5993FF18B9C7C100D5A891 /* InfoPlist.strings */,
				4F59940218B9C7C100D5A891 /* main.m */,
				4F59940418B9C7C100D5A891 /* UIImageView2-Prefix.pch */,
			);
			name = "Supporting Files";
			sourceTree = "<group>";
		};
		4F59941B18B9C7C100D5A891 /* UIImageView2Tests */ = {
			isa = PBXGroup;
			children = (
				4F59942118B9C7C100D5A891 /* UIImageView2Tests.m */,
				4F59941C18B9C7C100D5A891 /* Supporting Files */,
			);
			path = UIImageView2Tests;
			sourceTree = "<group>";
		};
		4F59941C18B9C7C100D5A891 /* Supporting Files */ = {
			isa = PBXGroup;
			children = (
				4F59941D18B9C7C100D5A891 /* UIImageView2Tests-Info.plist */,
				4F59941E18B9C7C100D5A891 /* InfoPlist.strings */,
			);
			name = "Supporting Files";
			sourceTree = "<group>";
		};
/* End PBXGroup section */

/* Begin PBXNativeTarget section */
		4F5993F218B9C7C100D5A891 /* UIImageView2 */ = {
			isa = PBXNativeTarget;
			buildConfigurationList = 4F59942518B9C7C100D5A891 /* Build configuration list for PBXNativeTarget "UIImageView2" */;
			buildPhases = (
				4F5993EF18B9C7C100D5A891 /* Sources */,
				4F5993F018B9C7C100D5A891 /* Frameworks */,
				4F5993F118B9C7C100D5A891 /* Resources */,
			);
			buildRules = (
			);
			dependencies = (
			);
			name = UIImageView2;
			productName = UIImageView2;
			productReference = 4F5993F318B9C7C100D5A891 /* UIImageView2.app */;
			productType = "com.apple.product-type.application";
		};
		4F59941318B9C7C100D5A891 /* UIImageView2Tests */ = {
			isa = PBXNativeTarget;
			buildConfigurationList = 4F59942818B9C7C100D5A891 /* Build configuration list for PBXNativeTarget "UIImageView2Tests" */;
			buildPhases = (
				4F59941018B9C7C100D5A891 /* Sources */,
				4F59941118B9C7C100D5A891 /* Frameworks */,
				4F59941218B9C7C100D5A891 /* Resources */,
			);
			buildRules = (
			);
			dependencies = (
				4F59941A18B9C7C100D5A891 /* PBXTargetDependency */,
			);
			name = UIImageView2Tests;
			productName = UIImageView2Tests;
			productReference = 4F59941418B9C7C100D5A891 /* UIImageView2Tests.xctest */;
			productType = "com.apple.product-type.bundle.unit-test";
		};
/* End PBXNativeTarget section */

/* Begin PBXProject section */
		4F5993EB18B9C7C100D5A891 /* Project object */ = {
			isa = PBXProject;
			attributes = {
				CLASSPREFIX = ZT;
				LastUpgradeCheck = 0500;
				ORGANIZATIONNAME = "翟涛";
				TargetAttributes = {
					4F59941318B9C7C100D5A891 = {
						TestTargetID = 4F5993F218B9C7C100D5A891;
					};
				};
			};
			buildConfigurationList = 4F5993EE18B9C7C100D5A891 /* Build configuration list for PBXProject "UIImageView2" */;
			compatibilityVersion = "Xcode 3.2";
			developmentRegion = English;
			hasScannedForEncodings = 0;
			knownRegions = (
				en,
				Base,
			);
			mainGroup = 4F5993EA18B9C7C100D5A891;
			productRefGroup = 4F5993F418B9C7C100D5A891 /* Products */;
			projectDirPath = "";
			projectRoot = "";
			targets = (
				4F5993F218B9C7C100D5A891 /* UIImageView2 */,
				4F59941318B9C7C100D5A891 /* UIImageView2Tests */,
			);
		};
/* End PBXProject section */

/* Begin PBXResourcesBuildPhase section */
		4F5993F118B9C7C100D5A891 /* Resources */ = {
			isa = PBXResourcesBuildPhase;
			buildActionMask = 2147483647;
			files = (
				4F59942F18B9C92400D5A891 /* 1.jpeg in Resources */,
				4F59940F18B9C7C100D5A891 /* Images.xcassets in Resources */,
				4F59943018B9C92400D5A891 /* 2.jpeg in Resources */,
				4F59942E18B9C92400D5A891 /* 3.jpeg in Resources */,
				4F59940118B9C7C100D5A891 /* InfoPlist.strings in Resources */,
				4F59940A18B9C7C100D5A891 /* Main.storyboard in Resources */,
			);
			runOnlyForDeploymentPostprocessing = 0;
		};
		4F59941218B9C7C100D5A891 /* Resources */ = {
			isa = PBXResourcesBuildPhase;
			buildActionMask = 2147483647;
			files = (
				4F59942018B9C7C100D5A891 /* InfoPlist.strings in Resources */,
			);
			runOnlyForDeploymentPostprocessing = 0;
		};
/* End PBXResourcesBuildPhase section */

/* Begin PBXSourcesBuildPhase section */
		4F5993EF18B9C7C100D5A891 /* Sources */ = {
			isa = PBXSourcesBuildPhase;
			buildActionMask = 2147483647;
			files = (
				4F59940718B9C7C100D5A891 /* ZTAppDelegate.m in Sources */,
				4F59940318B9C7C100D5A891 /* main.m in Sources */,
				4F59940D18B9C7C100D5A891 /* ZTViewController.m in Sources */,
			);
			runOnlyForDeploymentPostprocessing = 0;
		};
		4F59941018B9C7C100D5A891 /* Sources */ = {
			isa = PBXSourcesBuildPhase;
			buildActionMask = 2147483647;
			files = (
				4F59942218B9C7C100D5A891 /* UIImageView2Tests.m in Sources */,
			);
			runOnlyForDeploymentPostprocessing = 0;
		};
/* End PBXSourcesBuildPhase section */

/* Begin PBXTargetDependency section */
		4F59941A18B9C7C100D5A891 /* PBXTargetDependency */ = {
			isa = PBXTargetDependency;
			target = 4F5993F218B9C7C100D5A891 /* UIImageView2 */;
			targetProxy = 4F59941918B9C7C100D5A891 /* PBXContainerItemProxy */;
		};
/* End PBXTargetDependency section */

/* Begin PBXVariantGroup section */
		4F5993FF18B9C7C100D5A891 /* InfoPlist.strings */ = {
			isa = PBXVariantGroup;
			children = (
				4F59940018B9C7C100D5A891 /* en */,
			);
			name = InfoPlist.strings;
			sourceTree = "<group>";
		};
		4F59940818B9C7C100D5A891 /* Main.storyboard */ = {
			isa = PBXVariantGroup;
			children = (
				4F59940918B9C7C100D5A891 /* Base */,
			);
			name = Main.storyboard;
			sourceTree = "<group>";
		};
		4F59941E18B9C7C100D5A891 /* InfoPlist.strings */ = {
			isa = PBXVariantGroup;
			children = (
				4F59941F18B9C7C100D5A891 /* en */,
			);
			name = InfoPlist.strings;
			sourceTree = "<group>";
		};
/* End PBXVariantGroup section */

/* Begin XCBuildConfiguration section */
		4F59942318B9C7C100D5A891 /* Debug */ = {
			isa = XCBuildConfiguration;
			buildSettings = {
				ALWAYS_SEARCH_USER_PATHS = NO;
				ARCHS = "$(ARCHS_STANDARD_INCLUDING_64_BIT)";
				CLANG_CXX_LANGUAGE_STANDARD = "gnu++0x";
				CLANG_CXX_LIBRARY = "libc++";
				CLANG_ENABLE_MODULES = YES;
				CLANG_ENABLE_OBJC_ARC = YES;
				CLANG_WARN_BOOL_CONVERSION = YES;
				CLANG_WARN_CONSTANT_CONVERSION = YES;
				CLANG_WARN_DIRECT_OBJC_ISA_USAGE = YES_ERROR;
				CLANG_WARN_EMPTY_BODY = YES;
				CLANG_WARN_ENUM_CONVERSION = YES;
				CLANG_WARN_INT_CONVERSION = YES;
				CLANG_WARN_OBJC_ROOT_CLASS = YES_ERROR;
				CLANG_WARN__DUPLICATE_METHOD_MATCH = YES;
				"CODE_SIGN_IDENTITY[sdk=iphoneos*]" = "iPhone Developer";
				COPY_PHASE_STRIP = NO;
				GCC_C_LANGUAGE_STANDARD = gnu99;
				GCC_DYNAMIC_NO_PIC = NO;
				GCC_OPTIMIZATION_LEVEL = 0;
				GCC_PREPROCESSOR_DEFINITIONS = (
					"DEBUG=1",
					"$(inherited)",
				);
				GCC_SYMBOLS_PRIVATE_EXTERN = NO;
				GCC_WARN_64_TO_32_BIT_CONVERSION = YES;
				GCC_WARN_ABOUT_RETURN_TYPE = YES_ERROR;
				GCC_WARN_UNDECLARED_SELECTOR = YES;
				GCC_WARN_UNINITIALIZED_AUTOS = YES;
				GCC_WARN_UNUSED_FUNCTION = YES;
				GCC_WARN_UNUSED_VARIABLE = YES;
				IPHONEOS_DEPLOYMENT_TARGET = 7.0;
				ONLY_ACTIVE_ARCH = YES;
				SDKROOT = iphoneos;
			};
			name = Debug;
		};
		4F59942418B9C7C100D5A891 /* Release */ = {
			isa = XCBuildConfiguration;
			buildSettings = {
				ALWAYS_SEARCH_USER_PATHS = NO;
				ARCHS = "$(ARCHS_STANDARD_INCLUDING_64_BIT)";
				CLANG_CXX_LANGUAGE_STANDARD = "gnu++0x";
				CLANG_CXX_LIBRARY = "libc++";
				CLANG_ENABLE_MODULES = YES;
				CLANG_ENABLE_OBJC_ARC = YES;
				CLANG_WARN_BOOL_CONVERSION = YES;
				CLANG_WARN_CONSTANT_CONVERSION = YES;
				CLANG_WARN_DIRECT_OBJC_ISA_USAGE = YES_ERROR;
				CLANG_WARN_EMPTY_BODY = YES;
				CLANG_WARN_ENUM_CONVERSION = YES;
				CLANG_WARN_INT_CONVERSION = YES;
				CLANG_WARN_OBJC_ROOT_CLASS = YES_ERROR;
				CLANG_WARN__DUPLICATE_METHOD_MATCH = YES;
				"CODE_SIGN_IDENTITY[sdk=iphoneos*]" = "iPhone Developer";
				COPY_PHASE_STRIP = YES;
				ENABLE_NS_ASSERTIONS = NO;
				GCC_C_LANGUAGE_STANDARD = gnu99;
				GCC_WARN_64_TO_32_BIT_CONVERSION = YES;
				GCC_WARN_ABOUT_RETURN_TYPE = YES_ERROR;
				GCC_WARN_UNDECLARED_SELECTOR = YES;
				GCC_WARN_UNINITIALIZED_AUTOS = YES;
				GCC_WARN_UNUSED_FUNCTION = YES;
				GCC_WARN_UNUSED_VARIABLE = YES;
				IPHONEOS_DEPLOYMENT_TARGET = 7.0;
				SDKROOT = iphoneos;
				VALIDATE_PRODUCT = YES;
			};
			name = Release;
		};
		4F59942618B9C7C100D5A891 /* Debug */ = {
			isa = XCBuildConfiguration;
			buildSettings = {
				ASSETCATALOG_COMPILER_APPICON_NAME = AppIcon;
				ASSETCATALOG_COMPILER_LAUNCHIMAGE_NAME = LaunchImage;
				GCC_PRECOMPILE_PREFIX_HEADER = YES;
				GCC_PREFIX_HEADER = "UIImageView2/UIImageView2-Prefix.pch";
				INFOPLIST_FILE = "UIImageView2/UIImageView2-Info.plist";
				PRODUCT_NAME = "$(TARGET_NAME)";
				WRAPPER_EXTENSION = app;
			};
			name = Debug;
		};
		4F59942718B9C7C100D5A891 /* Release */ = {
			isa = XCBuildConfiguration;
			buildSettings = {
				ASSETCATALOG_COMPILER_APPICON_NAME = AppIcon;
				ASSETCATALOG_COMPILER_LAUNCHIMAGE_NAME = LaunchImage;
				GCC_PRECOMPILE_PREFIX_HEADER = YES;
				GCC_PREFIX_HEADER = "UIImageView2/UIImageView2-Prefix.pch";
				INFOPLIST_FILE = "UIImageView2/UIImageView2-Info.plist";
				PRODUCT_NAME = "$(TARGET_NAME)";
				WRAPPER_EXTENSION = app;
			};
			name = Release;
		};
		4F59942918B9C7C100D5A891 /* Debug */ = {
			isa = XCBuildConfiguration;
			buildSettings = {
				ARCHS = "$(ARCHS_STANDARD_INCLUDING_64_BIT)";
				BUNDLE_LOADER = "$(BUILT_PRODUCTS_DIR)/UIImageView2.app/UIImageView2";
				FRAMEWORK_SEARCH_PATHS = (
					"$(SDKROOT)/Developer/Library/Frameworks",
					"$(inherited)",
					"$(DEVELOPER_FRAMEWORKS_DIR)",
				);
				GCC_PRECOMPILE_PREFIX_HEADER = YES;
				GCC_PREFIX_HEADER = "UIImageView2/UIImageView2-Prefix.pch";
				GCC_PREPROCESSOR_DEFINITIONS = (
					"DEBUG=1",
					"$(inherited)",
				);
				INFOPLIST_FILE = "UIImageView2Tests/UIImageView2Tests-Info.plist";
				PRODUCT_NAME = "$(TARGET_NAME)";
				TEST_HOST = "$(BUNDLE_LOADER)";
				WRAPPER_EXTENSION = xctest;
			};
			name = Debug;
		};
		4F59942A18B9C7C100D5A891 /* Release */ = {
			isa = XCBuildConfiguration;
			buildSettings = {
				ARCHS = "$(ARCHS_STANDARD_INCLUDING_64_BIT)";
				BUNDLE_LOADER = "$(BUILT_PRODUCTS_DIR)/UIImageView2.app/UIImageView2";
				FRAMEWORK_SEARCH_PATHS = (
					"$(SDKROOT)/Developer/Library/Frameworks",
					"$(inherited)",
					"$(DEVELOPER_FRAMEWORKS_DIR)",
				);
				GCC_PRECOMPILE_PREFIX_HEADER = YES;
				GCC_PREFIX_HEADER = "UIImageView2/UIImageView2-Prefix.pch";
				INFOPLIST_FILE = "UIImageView2Tests/UIImageView2Tests-Info.plist";
				PRODUCT_NAME = "$(TARGET_NAME)";
				TEST_HOST = "$(BUNDLE_LOADER)";
				WRAPPER_EXTENSION = xctest;
			};
			name = Release;
		};
/* End XCBuildConfiguration section */

/* Begin XCConfigurationList section */
		4F5993EE18B9C7C100D5A891 /* Build configuration list for PBXProject "UIImageView2" */ = {
			isa = XCConfigurationList;
			buildConfigurations = (
				4F59942318B9C7C100D5A891 /* Debug */,
				4F59942418B9C7C100D5A891 /* Release */,
			);
			defaultConfigurationIsVisible = 0;
			defaultConfigurationName = Release;
		};
		4F59942518B9C7C100D5A891 /* Build configuration list for PBXNativeTarget "UIImageView2" */ = {
			isa = XCConfigurationList;
			buildConfigurations = (
				4F59942618B9C7C100D5A891 /* Debug */,
				4F59942718B9C7C100D5A891 /* Release */,
			);
			defaultConfigurationIsVisible = 0;
		};
		4F59942818B9C7C100D5A891 /* Build configuration list for PBXNativeTarget "UIImageView2Tests" */ = {
			isa = XCConfigurationList;
			buildConfigurations = (
				4F59942918B9C7C100D5A891 /* Debug */,
				4F59942A18B9C7C100D5A891 /* Release */,
			);
			defaultConfigurationIsVisible = 0;
		};
/* End XCConfigurationList section */
	};
	rootObject = 4F5993EB18B9C7C100D5A891 /* Project object */;
}
